
Microsoft Visual Studio Solution File, Format Version 12.00
# Visual Studio 14
VisualStudioVersion = 14.0.23107.0
MinimumVisualStudioVersion = 10.0.40219.1
Project("{FAE04EC0-301F-11D3-BF4B-00C04F79EFBC}") = "NGFramework", "NGFramework\NGFramework.csproj", "{7588C4F3-426F-4400-A3B4-075FD60D5843}"
EndProject
Global
	GlobalSection(SolutionConfigurationPlatforms) = preSolution
		Debug|Any CPU = Debug|Any CPU
		Release|Any CPU = Release|Any CPU
	EndGlobalSection
	GlobalSection(ProjectConfigurationPlatforms) = postSolution
		{7588C4F3-426F-4400-A3B4-075FD60D5843}.Debug|Any CPU.ActiveCfg = Debug|Any CPU
		{7588C4F3-426F-4400-A3B4-075FD60D5843}.Debug|Any CPU.Build.0 = Debug|Any CPU
		{7588C4F3-426F-4400-A3B4-075FD60D5843}.Release|Any CPU.ActiveCfg = Release|Any CPU
		{7588C4F3-426F-4400-A3B4-075FD60D5843}.Release|Any CPU.Build.0 = Release|Any CPU
	EndGlobalSection
	GlobalSection(SolutionProperties) = preSolution
		HideSolutionNode = FALSE
	EndGlobalSection
EndGlobal
